
Microsoft Visual Studio Solution File, Format Version 12.00
# Visual Studio Version 17
VisualStudioVersion = 17.12.35728.132 d17.12
MinimumVisualStudioVersion = 10.0.40219.1
Project("{FAE04EC0-301F-11D3-BF4B-00C04F79EFBC}") = "Opc.Ua.NodeSetTool", "Opc.Ua.NodeSetTool\Opc.Ua.NodeSetTool.csproj", "{5A26D688-1E21-4DB5-8624-73991CD88284}"
EndProject
Project("{FAE04EC0-301F-11D3-BF4B-00C04F79EFBC}") = "Opc.Ua.JsonNodeSet", "Opc.Ua.JsonNodeSet\src\Opc.Ua.JsonNodeSet\Opc.Ua.JsonNodeSet.csproj", "{19CBB76D-E912-4BF1-A33F-E84C43E7EA67}"
EndProject
Global
	GlobalSection(SolutionConfigurationPlatforms) = preSolution
		Debug|Any CPU = Debug|Any CPU
		Release|Any CPU = Release|Any CPU
	EndGlobalSection
	GlobalSection(ProjectConfigurationPlatforms) = postSolution
		{5A26D688-1E21-4DB5-8624-73991CD88284}.Debug|Any CPU.ActiveCfg = Debug|Any CPU
		{5A26D688-1E21-4DB5-8624-73991CD88284}.Debug|Any CPU.Build.0 = Debug|Any CPU
		{5A26D688-1E21-4DB5-8624-73991CD88284}.Release|Any CPU.ActiveCfg = Release|Any CPU
		{5A26D688-1E21-4DB5-8624-73991CD88284}.Release|Any CPU.Build.0 = Release|Any CPU
		{19CBB76D-E912-4BF1-A33F-E84C43E7EA67}.Debug|Any CPU.ActiveCfg = Debug|Any CPU
		{19CBB76D-E912-4BF1-A33F-E84C43E7EA67}.Debug|Any CPU.Build.0 = Debug|Any CPU
		{19CBB76D-E912-4BF1-A33F-E84C43E7EA67}.Release|Any CPU.ActiveCfg = Release|Any CPU
		{19CBB76D-E912-4BF1-A33F-E84C43E7EA67}.Release|Any CPU.Build.0 = Release|Any CPU
	EndGlobalSection
	GlobalSection(SolutionProperties) = preSolution
		HideSolutionNode = FALSE
	EndGlobalSection
EndGlobal
